# This file was autogenerated by Stack.
# You should not edit this file by hand.
# For more information, please see the documentation at:
#   https://docs.haskellstack.org/en/stable/lock_files

packages: []
snapshots:
- completed:
    size: 499086
    url: https://raw.githubusercontent.com/commercialhaskell/stackage-snapshots/master/nightly/2020/3/2.yaml
    sha256: b2e7c6dee6b8ce6c233b2399222f32477f1fe07d0d194b64b5e414308c2c22d4
  original: nightly-2020-03-02
